// !$*UTF8*$!
{
	archiveVersion = 1;
	classes = {
	};
	objectVersion = 56;
	objects = {

/* Begin PBXBuildFile section */
		BB9FE4A62CD38FB700335638 /* AppDelegate.swift in Sources */ = {isa = PBXBuildFile; fileRef = BB9FE4A52CD38FB700335638 /* AppDelegate.swift */; };
		BB9FE4A82CD38FB700335638 /* SceneDelegate.swift in Sources */ = {isa = PBXBuildFile; fileRef = BB9FE4A72CD38FB700335638 /* SceneDelegate.swift */; };
		BB9FE4AF2CD38FB900335638 /* Assets.xcassets in Resources */ = {isa = PBXBuildFile; fileRef = BB9FE4AE2CD38FB900335638 /* Assets.xcassets */; };
		BB9FE4B22CD38FB900335638 /* Base in Resources */ = {isa = PBXBuildFile; fileRef = BB9FE4B12CD38FB900335638 /* Base */; };
		BBFCB7F52CD7BDEE0064A932 /* README.md in Resources */ = {isa = PBXBuildFile; fileRef = BBFCB7E42CD7BDEE0064A932 /* README.md */; };
		BBFCB7F62CD7BDEE0064A932 /* Assets.xcassets in Resources */ = {isa = PBXBuildFile; fileRef = BBFCB7E52CD7BDEE0064A932 /* Assets.xcassets */; };
		BBFCB7F72CD7BDEE0064A932 /* ViewPin.swift in Sources */ = {isa = PBXBuildFile; fileRef = BBFCB7E62CD7BDEE0064A932 /* ViewPin.swift */; };
		BBFCB7F82CD7BDEE0064A932 /* CustomSlider.swift in Sources */ = {isa = PBXBuildFile; fileRef = BBFCB7E82CD7BDEE0064A932 /* CustomSlider.swift */; };
		BBFCB7F92CD7BDEE0064A932 /* ToggleButton.swift in Sources */ = {isa = PBXBuildFile; fileRef = BBFCB7E92CD7BDEE0064A932 /* ToggleButton.swift */; };
		BBFCB7FA2CD7BDEE0064A932 /* LaunchScreen.storyboard in Resources */ = {isa = PBXBuildFile; fileRef = BBFCB7ED2CD7BDEE0064A932 /* LaunchScreen.storyboard */; };
		BBFCB7FB2CD7BDEE0064A932 /* WishMakerInteractor.swift in Sources */ = {isa = PBXBuildFile; fileRef = BBFCB7EF2CD7BDEE0064A932 /* WishMakerInteractor.swift */; };
		BBFCB7FC2CD7BDEE0064A932 /* WishMakerPresenter.swift in Sources */ = {isa = PBXBuildFile; fileRef = BBFCB7F02CD7BDEE0064A932 /* WishMakerPresenter.swift */; };
		BBFCB7FD2CD7BDEE0064A932 /* WishMakerRouter.swift in Sources */ = {isa = PBXBuildFile; fileRef = BBFCB7F12CD7BDEE0064A932 /* WishMakerRouter.swift */; };
		BBFCB7FE2CD7BDEE0064A932 /* WishMakerView.swift in Sources */ = {isa = PBXBuildFile; fileRef = BBFCB7F22CD7BDEE0064A932 /* WishMakerView.swift */; };
/* End PBXBuildFile section */

/* Begin PBXFileReference section */
		BB9FE4A22CD38FB700335638 /* srvaliakhmetovPW2.app */ = {isa = PBXFileReference; explicitFileType = wrapper.application; includeInIndex = 0; path = srvaliakhmetovPW2.app; sourceTree = BUILT_PRODUCTS_DIR; };
		BB9FE4A52CD38FB700335638 /* AppDelegate.swift */ = {isa = PBXFileReference; lastKnownFileType = sourcecode.swift; path = AppDelegate.swift; sourceTree = "<group>"; };
		BB9FE4A72CD38FB700335638 /* SceneDelegate.swift */ = {isa = PBXFileReference; lastKnownFileType = sourcecode.swift; path = SceneDelegate.swift; sourceTree = "<group>"; };
		BB9FE4AE2CD38FB900335638 /* Assets.xcassets */ = {isa = PBXFileReference; lastKnownFileType = folder.assetcatalog; path = Assets.xcassets; sourceTree = "<group>"; };
		BB9FE4B12CD38FB900335638 /* Base */ = {isa = PBXFileReference; lastKnownFileType = file.storyboard; name = Base; path = Base.lproj/LaunchScreen.storyboard; sourceTree = "<group>"; };
		BB9FE4B32CD38FB900335638 /* Info.plist */ = {isa = PBXFileReference; lastKnownFileType = text.plist.xml; path = Info.plist; sourceTree = "<group>"; };
		BBFCB7E42CD7BDEE0064A932 /* README.md */ = {isa = PBXFileReference; fileEncoding = 4; lastKnownFileType = net.daringfireball.markdown; path = README.md; sourceTree = "<group>"; };
		BBFCB7E52CD7BDEE0064A932 /* Assets.xcassets */ = {isa = PBXFileReference; lastKnownFileType = folder.assetcatalog; path = Assets.xcassets; sourceTree = "<group>"; };
		BBFCB7E62CD7BDEE0064A932 /* ViewPin.swift */ = {isa = PBXFileReference; fileEncoding = 4; lastKnownFileType = sourcecode.swift; path = ViewPin.swift; sourceTree = "<group>"; };
		BBFCB7E82CD7BDEE0064A932 /* CustomSlider.swift */ = {isa = PBXFileReference; fileEncoding = 4; lastKnownFileType = sourcecode.swift; path = CustomSlider.swift; sourceTree = "<group>"; };
		BBFCB7E92CD7BDEE0064A932 /* ToggleButton.swift */ = {isa = PBXFileReference; fileEncoding = 4; lastKnownFileType = sourcecode.swift; path = ToggleButton.swift; sourceTree = "<group>"; };
		BBFCB7EC2CD7BDEE0064A932 /* Base */ = {isa = PBXFileReference; lastKnownFileType = file.storyboard; name = Base; path = LaunchScreen.storyboard; sourceTree = "<group>"; };
		BBFCB7EF2CD7BDEE0064A932 /* WishMakerInteractor.swift */ = {isa = PBXFileReference; fileEncoding = 4; lastKnownFileType = sourcecode.swift; path = WishMakerInteractor.swift; sourceTree = "<group>"; };
		BBFCB7F02CD7BDEE0064A932 /* WishMakerPresenter.swift */ = {isa = PBXFileReference; fileEncoding = 4; lastKnownFileType = sourcecode.swift; path = WishMakerPresenter.swift; sourceTree = "<group>"; };
		BBFCB7F12CD7BDEE0064A932 /* WishMakerRouter.swift */ = {isa = PBXFileReference; fileEncoding = 4; lastKnownFileType = sourcecode.swift; path = WishMakerRouter.swift; sourceTree = "<group>"; };
		BBFCB7F22CD7BDEE0064A932 /* WishMakerView.swift */ = {isa = PBXFileReference; fileEncoding = 4; lastKnownFileType = sourcecode.swift; path = WishMakerView.swift; sourceTree = "<group>"; };
/* End PBXFileReference section */

/* Begin PBXFrameworksBuildPhase section */
		BB9FE49F2CD38FB700335638 /* Frameworks */ = {
			isa = PBXFrameworksBuildPhase;
			buildActionMask = 2147483647;
			files = (
			);
			runOnlyForDeploymentPostprocessing = 0;
		};
/* End PBXFrameworksBuildPhase section */

/* Begin PBXGroup section */
		BB9FE4992CD38FB700335638 = {
			isa = PBXGroup;
			children = (
				BB9FE4A42CD38FB700335638 /* srvaliakhmetovPW2 */,
				BB9FE4A32CD38FB700335638 /* Products */,
			);
			sourceTree = "<group>";
		};
		BB9FE4A32CD38FB700335638 /* Products */ = {
			isa = PBXGroup;
			children = (
				BB9FE4A22CD38FB700335638 /* srvaliakhmetovPW2.app */,
			);
			name = Products;
			sourceTree = "<group>";
		};
		BB9FE4A42CD38FB700335638 /* srvaliakhmetovPW2 */ = {
			isa = PBXGroup;
			children = (
				BBFCB7EE2CD7BDEE0064A932 /* Base.lproj */,
				BBFCB7F42CD7BDEE0064A932 /* modules */,
				BBFCB7EB2CD7BDEE0064A932 /* shared */,
				BB9FE4A72CD38FB700335638 /* SceneDelegate.swift */,
				BB9FE4A52CD38FB700335638 /* AppDelegate.swift */,
				BB9FE4B02CD38FB900335638 /* LaunchScreen.storyboard */,
				BBFCB7E52CD7BDEE0064A932 /* Assets.xcassets */,
				BB9FE4AE2CD38FB900335638 /* Assets.xcassets */,
				BB9FE4B32CD38FB900335638 /* Info.plist */,
				BBFCB7E42CD7BDEE0064A932 /* README.md */,
			);
			path = srvaliakhmetovPW2;
			sourceTree = "<group>";
		};
		BBFCB7E72CD7BDEE0064A932 /* extensions */ = {
			isa = PBXGroup;
			children = (
				BBFCB7E62CD7BDEE0064A932 /* ViewPin.swift */,
			);
			path = extensions;
			sourceTree = "<group>";
		};
		BBFCB7EA2CD7BDEE0064A932 /* ui */ = {
			isa = PBXGroup;
			children = (
				BBFCB7E82CD7BDEE0064A932 /* CustomSlider.swift */,
				BBFCB7E92CD7BDEE0064A932 /* ToggleButton.swift */,
			);
			path = ui;
			sourceTree = "<group>";
		};
		BBFCB7EB2CD7BDEE0064A932 /* shared */ = {
			isa = PBXGroup;
			children = (
				BBFCB7E72CD7BDEE0064A932 /* extensions */,
				BBFCB7EA2CD7BDEE0064A932 /* ui */,
			);
			path = shared;
			sourceTree = "<group>";
		};
		BBFCB7EE2CD7BDEE0064A932 /* Base.lproj */ = {
			isa = PBXGroup;
			children = (
				BBFCB7ED2CD7BDEE0064A932 /* LaunchScreen.storyboard */,
			);
			path = Base.lproj;
			sourceTree = "<group>";
		};
		BBFCB7F32CD7BDEE0064A932 /* WishMakerModule */ = {
			isa = PBXGroup;
			children = (
				BBFCB7EF2CD7BDEE0064A932 /* WishMakerInteractor.swift */,
				BBFCB7F02CD7BDEE0064A932 /* WishMakerPresenter.swift */,
				BBFCB7F12CD7BDEE0064A932 /* WishMakerRouter.swift */,
				BBFCB7F22CD7BDEE0064A932 /* WishMakerView.swift */,
			);
			path = WishMakerModule;
			sourceTree = "<group>";
		};
		BBFCB7F42CD7BDEE0064A932 /* modules */ = {
			isa = PBXGroup;
			children = (
				BBFCB7F32CD7BDEE0064A932 /* WishMakerModule */,
			);
			path = modules;
			sourceTree = "<group>";
		};
/* End PBXGroup section */

/* Begin PBXNativeTarget section */
		BB9FE4A12CD38FB700335638 /* srvaliakhmetovPW2 */ = {
			isa = PBXNativeTarget;
			buildConfigurationList = BB9FE4B62CD38FB900335638 /* Build configuration list for PBXNativeTarget "srvaliakhmetovPW2" */;
			buildPhases = (
				BB9FE49E2CD38FB700335638 /* Sources */,
				BB9FE49F2CD38FB700335638 /* Frameworks */,
				BB9FE4A02CD38FB700335638 /* Resources */,
			);
			buildRules = (
			);
			dependencies = (
			);
			name = srvaliakhmetovPW2;
			productName = srvaliakhmetovPW2;
			productReference = BB9FE4A22CD38FB700335638 /* srvaliakhmetovPW2.app */;
			productType = "com.apple.product-type.application";
		};
/* End PBXNativeTarget section */

/* Begin PBXProject section */
		BB9FE49A2CD38FB700335638 /* Project object */ = {
			isa = PBXProject;
			attributes = {
				BuildIndependentTargetsInParallel = 1;
				LastSwiftUpdateCheck = 1540;
				LastUpgradeCheck = 1540;
				TargetAttributes = {
					BB9FE4A12CD38FB700335638 = {
						CreatedOnToolsVersion = 15.4;
					};
				};
			};
			buildConfigurationList = BB9FE49D2CD38FB700335638 /* Build configuration list for PBXProject "srvaliakhmetovPW2" */;
			compatibilityVersion = "Xcode 14.0";
			developmentRegion = en;
			hasScannedForEncodings = 0;
			knownRegions = (
				en,
				Base,
			);
			mainGroup = BB9FE4992CD38FB700335638;
			productRefGroup = BB9FE4A32CD38FB700335638 /* Products */;
			projectDirPath = "";
			projectRoot = "";
			targets = (
				BB9FE4A12CD38FB700335638 /* srvaliakhmetovPW2 */,
			);
		};
/* End PBXProject section */

/* Begin PBXResourcesBuildPhase section */
		BB9FE4A02CD38FB700335638 /* Resources */ = {
			isa = PBXResourcesBuildPhase;
			buildActionMask = 2147483647;
			files = (
				BB9FE4AF2CD38FB900335638 /* Assets.xcassets in Resources */,
				BB9FE4B22CD38FB900335638 /* Base in Resources */,
				BBFCB7F52CD7BDEE0064A932 /* README.md in Resources */,
				BBFCB7FA2CD7BDEE0064A932 /* LaunchScreen.storyboard in Resources */,
				BBFCB7F62CD7BDEE0064A932 /* Assets.xcassets in Resources */,
			);
			runOnlyForDeploymentPostprocessing = 0;
		};
/* End PBXResourcesBuildPhase section */

/* Begin PBXSourcesBuildPhase section */
		BB9FE49E2CD38FB700335638 /* Sources */ = {
			isa = PBXSourcesBuildPhase;
			buildActionMask = 2147483647;
			files = (
				BBFCB7FC2CD7BDEE0064A932 /* WishMakerPresenter.swift in Sources */,
				BB9FE4A62CD38FB700335638 /* AppDelegate.swift in Sources */,
				BBFCB7F92CD7BDEE0064A932 /* ToggleButton.swift in Sources */,
				BBFCB7F72CD7BDEE0064A932 /* ViewPin.swift in Sources */,
				BBFCB7FD2CD7BDEE0064A932 /* WishMakerRouter.swift in Sources */,
				BBFCB7FE2CD7BDEE0064A932 /* WishMakerView.swift in Sources */,
				BB9FE4A82CD38FB700335638 /* SceneDelegate.swift in Sources */,
				BBFCB7FB2CD7BDEE0064A932 /* WishMakerInteractor.swift in Sources */,
				BBFCB7F82CD7BDEE0064A932 /* CustomSlider.swift in Sources */,
			);
			runOnlyForDeploymentPostprocessing = 0;
		};
/* End PBXSourcesBuildPhase section */

/* Begin PBXVariantGroup section */
		BB9FE4B02CD38FB900335638 /* LaunchScreen.storyboard */ = {
			isa = PBXVariantGroup;
			children = (
				BB9FE4B12CD38FB900335638 /* Base */,
			);
			name = LaunchScreen.storyboard;
			sourceTree = "<group>";
		};
		BBFCB7ED2CD7BDEE0064A932 /* LaunchScreen.storyboard */ = {
			isa = PBXVariantGroup;
			children = (
				BBFCB7EC2CD7BDEE0064A932 /* Base */,
			);
			name = LaunchScreen.storyboard;
			sourceTree = "<group>";
		};
/* End PBXVariantGroup section */

/* Begin XCBuildConfiguration section */
		BB9FE4B42CD38FB900335638 /* Debug */ = {
			isa = XCBuildConfiguration;
			buildSettings = {
				ALWAYS_SEARCH_USER_PATHS = NO;
				ASSETCATALOG_COMPILER_GENERATE_SWIFT_ASSET_SYMBOL_EXTENSIONS = YES;
				CLANG_ANALYZER_NONNULL = YES;
				CLANG_ANALYZER_NUMBER_OBJECT_CONVERSION = YES_AGGRESSIVE;
				CLANG_CXX_LANGUAGE_STANDARD = "gnu++20";
				CLANG_ENABLE_MODULES = YES;
				CLANG_ENABLE_OBJC_ARC = YES;
				CLANG_ENABLE_OBJC_WEAK = YES;
				CLANG_WARN_BLOCK_CAPTURE_AUTORELEASING = YES;
				CLANG_WARN_BOOL_CONVERSION = YES;
				CLANG_WARN_COMMA = YES;
				CLANG_WARN_CONSTANT_CONVERSION = YES;
				CLANG_WARN_DEPRECATED_OBJC_IMPLEMENTATIONS = YES;
				CLANG_WARN_DIRECT_OBJC_ISA_USAGE = YES_ERROR;
				CLANG_WARN_DOCUMENTATION_COMMENTS = YES;
				CLANG_WARN_EMPTY_BODY = YES;
				CLANG_WARN_ENUM_CONVERSION = YES;
				CLANG_WARN_INFINITE_RECURSION = YES;
				CLANG_WARN_INT_CONVERSION = YES;
				CLANG_WARN_NON_LITERAL_NULL_CONVERSION = YES;
				CLANG_WARN_OBJC_IMPLICIT_RETAIN_SELF = YES;
				CLANG_WARN_OBJC_LITERAL_CONVERSION = YES;
				CLANG_WARN_OBJC_ROOT_CLASS = YES_ERROR;
				CLANG_WARN_QUOTED_INCLUDE_IN_FRAMEWORK_HEADER = YES;
				CLANG_WARN_RANGE_LOOP_ANALYSIS = YES;
				CLANG_WARN_STRICT_PROTOTYPES = YES;
				CLANG_WARN_SUSPICIOUS_MOVE = YES;
				CLANG_WARN_UNGUARDED_AVAILABILITY = YES_AGGRESSIVE;
				CLANG_WARN_UNREACHABLE_CODE = YES;
				CLANG_WARN__DUPLICATE_METHOD_MATCH = YES;
				COPY_PHASE_STRIP = NO;
				DEBUG_INFORMATION_FORMAT = dwarf;
				ENABLE_STRICT_OBJC_MSGSEND = YES;
				ENABLE_TESTABILITY = YES;
				ENABLE_USER_SCRIPT_SANDBOXING = YES;
				GCC_C_LANGUAGE_STANDARD = gnu17;
				GCC_DYNAMIC_NO_PIC = NO;
				GCC_NO_COMMON_BLOCKS = YES;
				GCC_OPTIMIZATION_LEVEL = 0;
				GCC_PREPROCESSOR_DEFINITIONS = (
					"DEBUG=1",
					"$(inherited)",
				);
				GCC_WARN_64_TO_32_BIT_CONVERSION = YES;
				GCC_WARN_ABOUT_RETURN_TYPE = YES_ERROR;
				GCC_WARN_UNDECLARED_SELECTOR = YES;
				GCC_WARN_UNINITIALIZED_AUTOS = YES_AGGRESSIVE;
				GCC_WARN_UNUSED_FUNCTION = YES;
				GCC_WARN_UNUSED_VARIABLE = YES;
				IPHONEOS_DEPLOYMENT_TARGET = 17.5;
				LOCALIZATION_PREFERS_STRING_CATALOGS = YES;
				MTL_ENABLE_DEBUG_INFO = INCLUDE_SOURCE;
				MTL_FAST_MATH = YES;
				ONLY_ACTIVE_ARCH = YES;
				SDKROOT = iphoneos;
				SWIFT_ACTIVE_COMPILATION_CONDITIONS = "DEBUG $(inherited)";
				SWIFT_OPTIMIZATION_LEVEL = "-Onone";
			};
			name = Debug;
		};
		BB9FE4B52CD38FB900335638 /* Release */ = {
			isa = XCBuildConfiguration;
			buildSettings = {
				ALWAYS_SEARCH_USER_PATHS = NO;
				ASSETCATALOG_COMPILER_GENERATE_SWIFT_ASSET_SYMBOL_EXTENSIONS = YES;
				CLANG_ANALYZER_NONNULL = YES;
				CLANG_ANALYZER_NUMBER_OBJECT_CONVERSION = YES_AGGRESSIVE;
				CLANG_CXX_LANGUAGE_STANDARD = "gnu++20";
				CLANG_ENABLE_MODULES = YES;
				CLANG_ENABLE_OBJC_ARC = YES;
				CLANG_ENABLE_OBJC_WEAK = YES;
				CLANG_WARN_BLOCK_CAPTURE_AUTORELEASING = YES;
				CLANG_WARN_BOOL_CONVERSION = YES;
				CLANG_WARN_COMMA = YES;
				CLANG_WARN_CONSTANT_CONVERSION = YES;
				CLANG_WARN_DEPRECATED_OBJC_IMPLEMENTATIONS = YES;
				CLANG_WARN_DIRECT_OBJC_ISA_USAGE = YES_ERROR;
				CLANG_WARN_DOCUMENTATION_COMMENTS = YES;
				CLANG_WARN_EMPTY_BODY = YES;
				CLANG_WARN_ENUM_CONVERSION = YES;
				CLANG_WARN_INFINITE_RECURSION = YES;
				CLANG_WARN_INT_CONVERSION = YES;
				CLANG_WARN_NON_LITERAL_NULL_CONVERSION = YES;
				CLANG_WARN_OBJC_IMPLICIT_RETAIN_SELF = YES;
				CLANG_WARN_OBJC_LITERAL_CONVERSION = YES;
				CLANG_WARN_OBJC_ROOT_CLASS = YES_ERROR;
				CLANG_WARN_QUOTED_INCLUDE_IN_FRAMEWORK_HEADER = YES;
				CLANG_WARN_RANGE_LOOP_ANALYSIS = YES;
				CLANG_WARN_STRICT_PROTOTYPES = YES;
				CLANG_WARN_SUSPICIOUS_MOVE = YES;
				CLANG_WARN_UNGUARDED_AVAILABILITY = YES_AGGRESSIVE;
				CLANG_WARN_UNREACHABLE_CODE = YES;
				CLANG_WARN__DUPLICATE_METHOD_MATCH = YES;
				COPY_PHASE_STRIP = NO;
				DEBUG_INFORMATION_FORMAT = "dwarf-with-dsym";
				ENABLE_NS_ASSERTIONS = NO;
				ENABLE_STRICT_OBJC_MSGSEND = YES;
				ENABLE_USER_SCRIPT_SANDBOXING = YES;
				GCC_C_LANGUAGE_STANDARD = gnu17;
				GCC_NO_COMMON_BLOCKS = YES;
				GCC_WARN_64_TO_32_BIT_CONVERSION = YES;
				GCC_WARN_ABOUT_RETURN_TYPE = YES_ERROR;
				GCC_WARN_UNDECLARED_SELECTOR = YES;
				GCC_WARN_UNINITIALIZED_AUTOS = YES_AGGRESSIVE;
				GCC_WARN_UNUSED_FUNCTION = YES;
				GCC_WARN_UNUSED_VARIABLE = YES;
				IPHONEOS_DEPLOYMENT_TARGET = 17.5;
				LOCALIZATION_PREFERS_STRING_CATALOGS = YES;
				MTL_ENABLE_DEBUG_INFO = NO;
				MTL_FAST_MATH = YES;
				SDKROOT = iphoneos;
				SWIFT_COMPILATION_MODE = wholemodule;
				VALIDATE_PRODUCT = YES;
			};
			name = Release;
		};
		BB9FE4B72CD38FB900335638 /* Debug */ = {
			isa = XCBuildConfiguration;
			buildSettings = {
				ASSETCATALOG_COMPILER_APPICON_NAME = AppIcon;
				ASSETCATALOG_COMPILER_GLOBAL_ACCENT_COLOR_NAME = AccentColor;
				CODE_SIGN_STYLE = Automatic;
				CURRENT_PROJECT_VERSION = 1;
				GENERATE_INFOPLIST_FILE = YES;
				INFOPLIST_FILE = srvaliakhmetovPW2/Info.plist;
				INFOPLIST_KEY_UIApplicationSupportsIndirectInputEvents = YES;
				INFOPLIST_KEY_UILaunchStoryboardName = LaunchScreen;
				INFOPLIST_KEY_UISupportedInterfaceOrientations_iPad = "UIInterfaceOrientationPortrait UIInterfaceOrientationPortraitUpsideDown UIInterfaceOrientationLandscapeLeft UIInterfaceOrientationLandscapeRight";
				INFOPLIST_KEY_UISupportedInterfaceOrientations_iPhone = "UIInterfaceOrientationPortrait UIInterfaceOrientationLandscapeLeft UIInterfaceOrientationLandscapeRight";
				IPHONEOS_DEPLOYMENT_TARGET = 13.0;
				LD_RUNPATH_SEARCH_PATHS = (
					"$(inherited)",
					"@executable_path/Frameworks",
				);
				MARKETING_VERSION = 1.0;
				PRODUCT_BUNDLE_IDENTIFIER = edu.hse.valiakhmetov.apps.srvaliakhmetovPW2;
				PRODUCT_NAME = "$(TARGET_NAME)";
				SWIFT_EMIT_LOC_STRINGS = YES;
				SWIFT_VERSION = 5.0;
				TARGETED_DEVICE_FAMILY = "1,2";
			};
			name = Debug;
		};
		BB9FE4B82CD38FB900335638 /* Release */ = {
			isa = XCBuildConfiguration;
			buildSettings = {
				ASSETCATALOG_COMPILER_APPICON_NAME = AppIcon;
				ASSETCATALOG_COMPILER_GLOBAL_ACCENT_COLOR_NAME = AccentColor;
				CODE_SIGN_STYLE = Automatic;
				CURRENT_PROJECT_VERSION = 1;
				GENERATE_INFOPLIST_FILE = YES;
				INFOPLIST_FILE = srvaliakhmetovPW2/Info.plist;
				INFOPLIST_KEY_UIApplicationSupportsIndirectInputEvents = YES;
				INFOPLIST_KEY_UILaunchStoryboardName = LaunchScreen;
				INFOPLIST_KEY_UISupportedInterfaceOrientations_iPad = "UIInterfaceOrientationPortrait UIInterfaceOrientationPortraitUpsideDown UIInterfaceOrientationLandscapeLeft UIInterfaceOrientationLandscapeRight";
				INFOPLIST_KEY_UISupportedInterfaceOrientations_iPhone = "UIInterfaceOrientationPortrait UIInterfaceOrientationLandscapeLeft UIInterfaceOrientationLandscapeRight";
				IPHONEOS_DEPLOYMENT_TARGET = 13.0;
				LD_RUNPATH_SEARCH_PATHS = (
					"$(inherited)",
					"@executable_path/Frameworks",
				);
				MARKETING_VERSION = 1.0;
				PRODUCT_BUNDLE_IDENTIFIER = edu.hse.valiakhmetov.apps.srvaliakhmetovPW2;
				PRODUCT_NAME = "$(TARGET_NAME)";
				SWIFT_EMIT_LOC_STRINGS = YES;
				SWIFT_VERSION = 5.0;
				TARGETED_DEVICE_FAMILY = "1,2";
			};
			name = Release;
		};
/* End XCBuildConfiguration section */

/* Begin XCConfigurationList section */
		BB9FE49D2CD38FB700335638 /* Build configuration list for PBXProject "srvaliakhmetovPW2" */ = {
			isa = XCConfigurationList;
			buildConfigurations = (
				BB9FE4B42CD38FB900335638 /* Debug */,
				BB9FE4B52CD38FB900335638 /* Release */,
			);
			defaultConfigurationIsVisible = 0;
			defaultConfigurationName = Release;
		};
		BB9FE4B62CD38FB900335638 /* Build configuration list for PBXNativeTarget "srvaliakhmetovPW2" */ = {
			isa = XCConfigurationList;
			buildConfigurations = (
				BB9FE4B72CD38FB900335638 /* Debug */,
				BB9FE4B82CD38FB900335638 /* Release */,
			);
			defaultConfigurationIsVisible = 0;
			defaultConfigurationName = Release;
		};
/* End XCConfigurationList section */
	};
	rootObject = BB9FE49A2CD38FB700335638 /* Project object */;
}
